
Microsoft Visual Studio Solution File, Format Version 12.00
# Visual Studio Version 16
VisualStudioVersion = 16.0.30621.155
MinimumVisualStudioVersion = 10.0.40219.1
Project("{00D1A9C2-B5F0-4AF3-8072-F6C62B433612}") = "TimsDinerDB", "TimsDinerDB\TimsDinerDB.sqlproj", "{ED314965-8736-49A1-938D-1D4E552A61CE}"
EndProject
Global
	GlobalSection(SolutionConfigurationPlatforms) = preSolution
		Debug|Any CPU = Debug|Any CPU
		Release|Any CPU = Release|Any CPU
	EndGlobalSection
	GlobalSection(ProjectConfigurationPlatforms) = postSolution
		{ED314965-8736-49A1-938D-1D4E552A61CE}.Debug|Any CPU.ActiveCfg = Debug|Any CPU
		{ED314965-8736-49A1-938D-1D4E552A61CE}.Debug|Any CPU.Build.0 = Debug|Any CPU
		{ED314965-8736-49A1-938D-1D4E552A61CE}.Debug|Any CPU.Deploy.0 = Debug|Any CPU
		{ED314965-8736-49A1-938D-1D4E552A61CE}.Release|Any CPU.ActiveCfg = Release|Any CPU
		{ED314965-8736-49A1-938D-1D4E552A61CE}.Release|Any CPU.Build.0 = Release|Any CPU
		{ED314965-8736-49A1-938D-1D4E552A61CE}.Release|Any CPU.Deploy.0 = Release|Any CPU
	EndGlobalSection
	GlobalSection(SolutionProperties) = preSolution
		HideSolutionNode = FALSE
	EndGlobalSection
	GlobalSection(ExtensibilityGlobals) = postSolution
		SolutionGuid = {9765AF79-26B3-4847-9A21-DA4DEF5AF5F7}
	EndGlobalSection
EndGlobal
